{
  "nodes": {
    "ds-tests": {
      "flake": false,
      "locked": {
        "lastModified": 1677883973,
        "narHash": "sha256-wXtNq4ZUohndNGs9VttOI9m9VW5QlVKOPtR8+mv2fBM=",
        "owner": "dapphub",
        "repo": "ds-test",
        "rev": "e282159d5170298eb2455a6c05280ab5a73a4ef0",
        "type": "github"
      },
      "original": {
        "owner": "dapphub",
        "repo": "ds-test",
        "type": "github"
      }
    },
    "flake-utils": {
      "locked": {
        "lastModified": 1644229661,
        "narHash": "sha256-1YdnJAsNy69bpcjuoKdOYQX0YxZBiCYZo4Twxerqv7k=",
        "owner": "numtide",
        "repo": "flake-utils",
        "rev": "3cecb5b042f7f209c56ffd8371b2711a290ec797",
        "type": "github"
      },
      "original": {
        "owner": "numtide",
        "repo": "flake-utils",
        "type": "github"
      }
    },
    "forge-std": {
      "flake": false,
      "locked": {
        "lastModified": 1707342946,
        "narHash": "sha256-8FS9HPZYZDrQP3ImDVCScdDbGG80NM7TuV+CHeYog10=",
        "owner": "foundry-rs",
        "repo": "forge-std",
        "rev": "17c554b7dd5cc3a63e7fb9db035718e619ee7653",
        "type": "github"
      },
      "original": {
        "owner": "foundry-rs",
        "repo": "forge-std",
        "type": "github"
      }
    },
    "foundry": {
      "inputs": {
        "flake-utils": "flake-utils",
        "nixpkgs": [
          "nixpkgs"
        ]
      },
      "locked": {
        "lastModified": 1705309865,
        "narHash": "sha256-HkTSsjmR3DE1xKr1M0bBWKyTl4f616166Przd2mwNxw=",
        "owner": "shazow",
        "repo": "foundry.nix",
        "rev": "883243b30a4b8dbb1b515b79b750e2caf7df1a79",
        "type": "github"
      },
      "original": {
        "owner": "shazow",
        "ref": "monthly",
        "repo": "foundry.nix",
        "type": "github"
      }
    },
    "nixpkgs": {
      "locked": {
        "lastModified": 1707238373,
        "narHash": "sha256-WKxT0yLzWbFZwYi92lI0yWJpYtRaFSWHGX8QXzejapw=",
        "owner": "nixos",
        "repo": "nixpkgs",
        "rev": "fb0c047e30b69696acc42e669d02452ca1b55755",
        "type": "github"
      },
      "original": {
        "owner": "nixos",
        "ref": "nixos-23.11",
        "repo": "nixpkgs",
        "type": "github"
      }
    },
    "openzeppelin-contracts": {
      "flake": false,
      "locked": {
        "lastModified": 1707297625,
        "narHash": "sha256-lBQ8ToR+O6NS7ZSG0OCAjhW5rvlCplgzugE+wZC/c4E=",
        "owner": "OpenZeppelin",
        "repo": "openzeppelin-contracts",
        "rev": "17a8955cd8ed2c9a269421a11c2e2774b796e305",
        "type": "github"
      },
      "original": {
        "owner": "OpenZeppelin",
        "repo": "openzeppelin-contracts",
        "type": "github"
      }
    },
    "root": {
      "inputs": {
        "ds-tests": "ds-tests",
        "forge-std": "forge-std",
        "foundry": "foundry",
        "nixpkgs": "nixpkgs",
        "openzeppelin-contracts": "openzeppelin-contracts",
        "utils": "utils"
      }
    },
    "systems": {
      "locked": {
        "lastModified": 1681028828,
        "narHash": "sha256-Vy1rq5AaRuLzOxct8nz4T6wlgyUR7zLU309k9mBC768=",
        "owner": "nix-systems",
        "repo": "default",
        "rev": "da67096a3b9bf56a91d16901293e51ba5b49a27e",
        "type": "github"
      },
      "original": {
        "owner": "nix-systems",
        "repo": "default",
        "type": "github"
      }
    },
    "utils": {
      "inputs": {
        "systems": "systems"
      },
      "locked": {
        "lastModified": 1705309234,
        "narHash": "sha256-uNRRNRKmJyCRC/8y1RqBkqWBLM034y4qN7EprSdmgyA=",
        "owner": "numtide",
        "repo": "flake-utils",
        "rev": "1ef2e671c3b0c19053962c07dbda38332dcebf26",
        "type": "github"
      },
      "original": {
        "owner": "numtide",
        "repo": "flake-utils",
        "type": "github"
      }
    }
  },
  "root": "root",
  "version": 7
}
