{
  "nodes": {
    "ds-test": {
      "flake": false,
      "locked": {
        "lastModified": 1677883973,
        "narHash": "sha256-wXtNq4ZUohndNGs9VttOI9m9VW5QlVKOPtR8+mv2fBM=",
        "owner": "dapphub",
        "repo": "ds-test",
        "rev": "e282159d5170298eb2455a6c05280ab5a73a4ef0",
        "type": "github"
      },
      "original": {
        "owner": "dapphub",
        "repo": "ds-test",
        "type": "github"
      }
    },
    "flake-compat": {
      "flake": false,
      "locked": {
        "lastModified": 1747046372,
        "narHash": "sha256-CIVLLkVgvHYbgI2UpXvIIBJ12HWgX+fjA8Xf8PUmqCY=",
        "owner": "edolstra",
        "repo": "flake-compat",
        "rev": "9100a0f413b0c601e0533d1d94ffd501ce2e7885",
        "type": "github"
      },
      "original": {
        "owner": "edolstra",
        "repo": "flake-compat",
        "type": "github"
      }
    },
    "flake-parts": {
      "inputs": {
        "nixpkgs-lib": "nixpkgs-lib"
      },
      "locked": {
        "lastModified": 1754487366,
        "narHash": "sha256-pHYj8gUBapuUzKV/kN/tR3Zvqc7o6gdFB9XKXIp1SQ8=",
        "owner": "hercules-ci",
        "repo": "flake-parts",
        "rev": "af66ad14b28a127c5c0f3bbb298218fc63528a18",
        "type": "github"
      },
      "original": {
        "owner": "hercules-ci",
        "repo": "flake-parts",
        "type": "github"
      }
    },
    "flake-root": {
      "locked": {
        "lastModified": 1723604017,
        "narHash": "sha256-rBtQ8gg+Dn4Sx/s+pvjdq3CB2wQNzx9XGFq/JVGCB6k=",
        "owner": "srid",
        "repo": "flake-root",
        "rev": "b759a56851e10cb13f6b8e5698af7b59c44be26e",
        "type": "github"
      },
      "original": {
        "owner": "srid",
        "repo": "flake-root",
        "type": "github"
      }
    },
    "forge-std": {
      "flake": false,
      "locked": {
        "lastModified": 1756110032,
        "narHash": "sha256-D6tBDpZPbpfmpsILagao4y5gQHkEd+5Yo6gNXXBvaQk=",
        "owner": "foundry-rs",
        "repo": "forge-std",
        "rev": "6bce1540c7a5d1c40eec032a1ae16f0e01f82b92",
        "type": "github"
      },
      "original": {
        "owner": "foundry-rs",
        "repo": "forge-std",
        "type": "github"
      }
    },
    "gitignore": {
      "inputs": {
        "nixpkgs": [
          "pre-commit-hooks",
          "nixpkgs"
        ]
      },
      "locked": {
        "lastModified": 1709087332,
        "narHash": "sha256-HG2cCnktfHsKV0s4XW83gU3F57gaTljL9KNSuG6bnQs=",
        "owner": "hercules-ci",
        "repo": "gitignore.nix",
        "rev": "637db329424fd7e46cf4185293b9cc8c88c95394",
        "type": "github"
      },
      "original": {
        "owner": "hercules-ci",
        "repo": "gitignore.nix",
        "type": "github"
      }
    },
    "nixpkgs": {
      "locked": {
        "lastModified": 1756128520,
        "narHash": "sha256-R94HxJBi+RK1iCm8Y4Q9pdrHZl0GZoDPIaYwjxRNPh4=",
        "owner": "NixOS",
        "repo": "nixpkgs",
        "rev": "c53baa6685261e5253a1c355a1b322f82674a824",
        "type": "github"
      },
      "original": {
        "owner": "NixOS",
        "ref": "nixpkgs-unstable",
        "repo": "nixpkgs",
        "type": "github"
      }
    },
    "nixpkgs-lib": {
      "locked": {
        "lastModified": 1753579242,
        "narHash": "sha256-zvaMGVn14/Zz8hnp4VWT9xVnhc8vuL3TStRqwk22biA=",
        "owner": "nix-community",
        "repo": "nixpkgs.lib",
        "rev": "0f36c44e01a6129be94e3ade315a5883f0228a6e",
        "type": "github"
      },
      "original": {
        "owner": "nix-community",
        "repo": "nixpkgs.lib",
        "type": "github"
      }
    },
    "openzeppelin": {
      "flake": false,
      "locked": {
        "lastModified": 1756138144,
        "narHash": "sha256-f0MJIYvBp2ti66MaK/0EslojlSvpvK73K0Tu57zkYXA=",
        "owner": "OpenZeppelin",
        "repo": "openzeppelin-contracts",
        "rev": "be8ee86fc11860d18a1c15dddef4c2950d3c2c49",
        "type": "github"
      },
      "original": {
        "owner": "OpenZeppelin",
        "repo": "openzeppelin-contracts",
        "type": "github"
      }
    },
    "pre-commit-hooks": {
      "inputs": {
        "flake-compat": "flake-compat",
        "gitignore": "gitignore",
        "nixpkgs": [
          "nixpkgs"
        ]
      },
      "locked": {
        "lastModified": 1755960406,
        "narHash": "sha256-RF7j6C1TmSTK9tYWO6CdEMtg6XZaUKcvZwOCD2SICZs=",
        "owner": "cachix",
        "repo": "git-hooks.nix",
        "rev": "e891a93b193fcaf2fc8012d890dc7f0befe86ec2",
        "type": "github"
      },
      "original": {
        "owner": "cachix",
        "repo": "git-hooks.nix",
        "type": "github"
      }
    },
    "process-compose-flake": {
      "locked": {
        "lastModified": 1749418557,
        "narHash": "sha256-wJHHckWz4Gvj8HXtM5WVJzSKXAEPvskQANVoRiu2w1w=",
        "owner": "Platonic-Systems",
        "repo": "process-compose-flake",
        "rev": "91dcc48a6298e47e2441ec76df711f4e38eab94e",
        "type": "github"
      },
      "original": {
        "owner": "Platonic-Systems",
        "repo": "process-compose-flake",
        "type": "github"
      }
    },
    "root": {
      "inputs": {
        "ds-test": "ds-test",
        "flake-parts": "flake-parts",
        "flake-root": "flake-root",
        "forge-std": "forge-std",
        "nixpkgs": "nixpkgs",
        "openzeppelin": "openzeppelin",
        "pre-commit-hooks": "pre-commit-hooks",
        "process-compose-flake": "process-compose-flake",
        "services-flake": "services-flake",
        "solady": "solady",
        "systems": "systems"
      }
    },
    "services-flake": {
      "locked": {
        "lastModified": 1755996515,
        "narHash": "sha256-1RQQIDhshp1g4PP5teqibcFLfk/ckTDOJRckecAHiU0=",
        "owner": "juspay",
        "repo": "services-flake",
        "rev": "e316d6b994fd153f0c35d54bd07d60e53f0ad9a9",
        "type": "github"
      },
      "original": {
        "owner": "juspay",
        "repo": "services-flake",
        "type": "github"
      }
    },
    "solady": {
      "flake": false,
      "locked": {
        "lastModified": 1756115684,
        "narHash": "sha256-ycYSZnpJBJiJTGpJCnt1R/vKP7pTQY6dd8e35HIP0Co=",
        "owner": "Vectorized",
        "repo": "solady",
        "rev": "acd959aa4bd04720d640bf4e6a5c71037510cc4b",
        "type": "github"
      },
      "original": {
        "owner": "Vectorized",
        "repo": "solady",
        "type": "github"
      }
    },
    "systems": {
      "locked": {
        "lastModified": 1681028828,
        "narHash": "sha256-Vy1rq5AaRuLzOxct8nz4T6wlgyUR7zLU309k9mBC768=",
        "owner": "nix-systems",
        "repo": "default",
        "rev": "da67096a3b9bf56a91d16901293e51ba5b49a27e",
        "type": "github"
      },
      "original": {
        "id": "systems",
        "type": "indirect"
      }
    }
  },
  "root": "root",
  "version": 7
}
